
Microsoft Visual Studio Solution File, Format Version 12.00
# Visual Studio Version 16
VisualStudioVersion = 16.0.31321.278
MinimumVisualStudioVersion = 10.0.40219.1
Project("{FAE04EC0-301F-11D3-BF4B-00C04F79EFBC}") = "hastane", "hastane\hastane.csproj", "{8671D2ED-705D-4494-8D73-A88012259DB3}"
EndProject
Global
	GlobalSection(SolutionConfigurationPlatforms) = preSolution
		Debug|Any CPU = Debug|Any CPU
		Release|Any CPU = Release|Any CPU
	EndGlobalSection
	GlobalSection(ProjectConfigurationPlatforms) = postSolution
		{8671D2ED-705D-4494-8D73-A88012259DB3}.Debug|Any CPU.ActiveCfg = Debug|Any CPU
		{8671D2ED-705D-4494-8D73-A88012259DB3}.Debug|Any CPU.Build.0 = Debug|Any CPU
		{8671D2ED-705D-4494-8D73-A88012259DB3}.Release|Any CPU.ActiveCfg = Release|Any CPU
		{8671D2ED-705D-4494-8D73-A88012259DB3}.Release|Any CPU.Build.0 = Release|Any CPU
	EndGlobalSection
	GlobalSection(SolutionProperties) = preSolution
		HideSolutionNode = FALSE
	EndGlobalSection
	GlobalSection(ExtensibilityGlobals) = postSolution
		SolutionGuid = {029F2C78-5667-4651-9484-6855522AD696}
	EndGlobalSection
EndGlobal
